Microsoft Visual Studio Solution File, Format Version 12.00
# Visual Studio Version 17
VisualStudioVersion = 17.14.35821.62
MinimumVisualStudioVersion = 10.0.40219.1
Project("{FAE04EC0-301F-11D3-BF4B-00C04F79EFBC}") = "Bank", "Bank\Bank.csproj", "{AC8DE654-93C5-4E15-AE06-B691053AD209}"
EndProject
Global
	GlobalSection(SolutionConfigurationPlatforms) = preSolution
		Debug|Any CPU = Debug|Any CPU
		Release|Any CPU = Release|Any CPU
	EndGlobalSection
	GlobalSection(ProjectConfigurationPlatforms) = postSolution
		{AC8DE654-93C5-4E15-AE06-B691053AD209}.Debug|Any CPU.ActiveCfg = Debug|Any CPU
		{AC8DE654-93C5-4E15-AE06-B691053AD209}.Debug|Any CPU.Build.0 = Debug|Any CPU
		{AC8DE654-93C5-4E15-AE06-B691053AD209}.Release|Any CPU.ActiveCfg = Release|Any CPU
		{AC8DE654-93C5-4E15-AE06-B691053AD209}.Release|Any CPU.Build.0 = Release|Any CPU
	EndGlobalSection
	GlobalSection(SolutionProperties) = preSolution
		HideSolutionNode = FALSE
	EndGlobalSection
	GlobalSection(ExtensibilityGlobals) = postSolution
		SolutionGuid = {D6F99D33-CC9C-4736-91D3-9DCAF288F236}
	EndGlobalSection
EndGlobal
